Microsoft Visual Studio Solution File, Format Version 12.00
# Visual Studio Version 16
VisualStudioVersion = 16.0.30523.141
MinimumVisualStudioVersion = 10.0.40219.1
Project("{9A19103F-16F7-4668-BE54-9A1E7A4F7556}") = "Passwords", "Passwords\Passwords.csproj", "{649C84A2-ADB9-4FE4-98E9-A13C0D17BF03}"
EndProject
Project("{9A19103F-16F7-4668-BE54-9A1E7A4F7556}") = "Domain", "Domain\Domain.csproj", "{EF8C28EF-174F-40FD-A9E3-D5A275DBDB9E}"
EndProject
Project("{9A19103F-16F7-4668-BE54-9A1E7A4F7556}") = "AzureFunction", "AzureFunction\AzureFunction.csproj", "{0136B188-334B-4294-95AC-186B6F1A173B}"
EndProject
Project("{9A19103F-16F7-4668-BE54-9A1E7A4F7556}") = "SimpleUi", "SimpleUi\SimpleUi.csproj", "{BC3B7000-B366-4EA0-A67B-F55949356DEF}"
EndProject
Project("{9092AA53-FB77-4645-B42D-1CCCA6BD08BD}") = "VueUi", "VueUi\VueUi.njsproj", "{A72F5F0F-3E8B-44AC-B8C7-6BAA1048C284}"
EndProject
Global
	GlobalSection(SolutionConfigurationPlatforms) = preSolution
		Debug|Any CPU = Debug|Any CPU
		Release|Any CPU = Release|Any CPU
	EndGlobalSection
	GlobalSection(ProjectConfigurationPlatforms) = postSolution
		{649C84A2-ADB9-4FE4-98E9-A13C0D17BF03}.Debug|Any CPU.ActiveCfg = Debug|Any CPU
		{649C84A2-ADB9-4FE4-98E9-A13C0D17BF03}.Debug|Any CPU.Build.0 = Debug|Any CPU
		{649C84A2-ADB9-4FE4-98E9-A13C0D17BF03}.Release|Any CPU.ActiveCfg = Release|Any CPU
		{649C84A2-ADB9-4FE4-98E9-A13C0D17BF03}.Release|Any CPU.Build.0 = Release|Any CPU
		{EF8C28EF-174F-40FD-A9E3-D5A275DBDB9E}.Debug|Any CPU.ActiveCfg = Debug|Any CPU
		{EF8C28EF-174F-40FD-A9E3-D5A275DBDB9E}.Debug|Any CPU.Build.0 = Debug|Any CPU
		{EF8C28EF-174F-40FD-A9E3-D5A275DBDB9E}.Release|Any CPU.ActiveCfg = Release|Any CPU
		{EF8C28EF-174F-40FD-A9E3-D5A275DBDB9E}.Release|Any CPU.Build.0 = Release|Any CPU
		{0136B188-334B-4294-95AC-186B6F1A173B}.Debug|Any CPU.ActiveCfg = Debug|Any CPU
		{0136B188-334B-4294-95AC-186B6F1A173B}.Debug|Any CPU.Build.0 = Debug|Any CPU
		{0136B188-334B-4294-95AC-186B6F1A173B}.Release|Any CPU.ActiveCfg = Release|Any CPU
		{0136B188-334B-4294-95AC-186B6F1A173B}.Release|Any CPU.Build.0 = Release|Any CPU
		{BC3B7000-B366-4EA0-A67B-F55949356DEF}.Debug|Any CPU.ActiveCfg = Debug|Any CPU
		{BC3B7000-B366-4EA0-A67B-F55949356DEF}.Debug|Any CPU.Build.0 = Debug|Any CPU
		{BC3B7000-B366-4EA0-A67B-F55949356DEF}.Release|Any CPU.ActiveCfg = Release|Any CPU
		{BC3B7000-B366-4EA0-A67B-F55949356DEF}.Release|Any CPU.Build.0 = Release|Any CPU
		{A72F5F0F-3E8B-44AC-B8C7-6BAA1048C284}.Debug|Any CPU.ActiveCfg = Debug|Any CPU
		{A72F5F0F-3E8B-44AC-B8C7-6BAA1048C284}.Debug|Any CPU.Build.0 = Debug|Any CPU
		{A72F5F0F-3E8B-44AC-B8C7-6BAA1048C284}.Release|Any CPU.ActiveCfg = Release|Any CPU
		{A72F5F0F-3E8B-44AC-B8C7-6BAA1048C284}.Release|Any CPU.Build.0 = Release|Any CPU
	EndGlobalSection
	GlobalSection(SolutionProperties) = preSolution
		HideSolutionNode = FALSE
	EndGlobalSection
	GlobalSection(ExtensibilityGlobals) = postSolution
		SolutionGuid = {89D69C09-F199-4487-980F-85BB7A17F121}
	EndGlobalSection
EndGlobal
